
Microsoft Visual Studio Solution File, Format Version 12.00
# Visual Studio Version 17
VisualStudioVersion = 17.8.34330.188
MinimumVisualStudioVersion = 10.0.40219.1
Project("{2150E333-8FDC-42A3-9474-1A3956D46DE8}") = "TestTextFile", "TestTextFile", "{3F3F175C-B674-4E2C-B4D2-DEA3E957BDB6}"
	ProjectSection(SolutionItems) = preProject
		TextFile1.txt = TextFile1.txt
	EndProjectSection
EndProject
Project("{2150E333-8FDC-42A3-9474-1A3956D46DE8}") = "Services", "Services", "{40F6A093-7BC7-41EC-9F2A-918C12F9B3F8}"
EndProject
Project("{FAE04EC0-301F-11D3-BF4B-00C04F79EFBC}") = "Catalog.Api", "Services\Catalog.Api\Catalog.Api.csproj", "{8E8F5371-D4B2-4C34-9E16-AEC3BAE559DA}"
EndProject
Global
	GlobalSection(SolutionConfigurationPlatforms) = preSolution
		Debug|Any CPU = Debug|Any CPU
		Release|Any CPU = Release|Any CPU
	EndGlobalSection
	GlobalSection(ProjectConfigurationPlatforms) = postSolution
		{8E8F5371-D4B2-4C34-9E16-AEC3BAE559DA}.Debug|Any CPU.ActiveCfg = Debug|Any CPU
		{8E8F5371-D4B2-4C34-9E16-AEC3BAE559DA}.Debug|Any CPU.Build.0 = Debug|Any CPU
		{8E8F5371-D4B2-4C34-9E16-AEC3BAE559DA}.Release|Any CPU.ActiveCfg = Release|Any CPU
		{8E8F5371-D4B2-4C34-9E16-AEC3BAE559DA}.Release|Any CPU.Build.0 = Release|Any CPU
	EndGlobalSection
	GlobalSection(SolutionProperties) = preSolution
		HideSolutionNode = FALSE
	EndGlobalSection
	GlobalSection(NestedProjects) = preSolution
		{8E8F5371-D4B2-4C34-9E16-AEC3BAE559DA} = {40F6A093-7BC7-41EC-9F2A-918C12F9B3F8}
	EndGlobalSection
	GlobalSection(ExtensibilityGlobals) = postSolution
		SolutionGuid = {25933621-B12A-4A28-BAAC-2F18F8535D96}
	EndGlobalSection
EndGlobal
